
Microsoft Visual Studio Solution File, Format Version 12.00
# Visual Studio Version 17
VisualStudioVersion = 17.5.33530.505
MinimumVisualStudioVersion = 10.0.40219.1
Project("{FAE04EC0-301F-11D3-BF4B-00C04F79EFBC}") = "Lessons", "Lessons\Lessons.csproj", "{F31E30DE-218E-40EB-AF3A-CA9EE6186585}"
EndProject
Project("{FAE04EC0-301F-11D3-BF4B-00C04F79EFBC}") = "IncrementDecrement", "IncrementDecrement\IncrementDecrement.csproj", "{8CE87C2C-2629-4A7F-BD0B-13D68197E872}"
EndProject
Global
	GlobalSection(SolutionConfigurationPlatforms) = preSolution
		Debug|Any CPU = Debug|Any CPU
		Release|Any CPU = Release|Any CPU
	EndGlobalSection
	GlobalSection(ProjectConfigurationPlatforms) = postSolution
		{F31E30DE-218E-40EB-AF3A-CA9EE6186585}.Debug|Any CPU.ActiveCfg = Debug|Any CPU
		{F31E30DE-218E-40EB-AF3A-CA9EE6186585}.Debug|Any CPU.Build.0 = Debug|Any CPU
		{F31E30DE-218E-40EB-AF3A-CA9EE6186585}.Release|Any CPU.ActiveCfg = Release|Any CPU
		{F31E30DE-218E-40EB-AF3A-CA9EE6186585}.Release|Any CPU.Build.0 = Release|Any CPU
		{8CE87C2C-2629-4A7F-BD0B-13D68197E872}.Debug|Any CPU.ActiveCfg = Debug|Any CPU
		{8CE87C2C-2629-4A7F-BD0B-13D68197E872}.Debug|Any CPU.Build.0 = Debug|Any CPU
		{8CE87C2C-2629-4A7F-BD0B-13D68197E872}.Release|Any CPU.ActiveCfg = Release|Any CPU
		{8CE87C2C-2629-4A7F-BD0B-13D68197E872}.Release|Any CPU.Build.0 = Release|Any CPU
	EndGlobalSection
	GlobalSection(SolutionProperties) = preSolution
		HideSolutionNode = FALSE
	EndGlobalSection
	GlobalSection(ExtensibilityGlobals) = postSolution
		SolutionGuid = {D04F6876-ED3E-43B0-BAF8-FDB8A5F14252}
	EndGlobalSection
EndGlobal
